
Microsoft Visual Studio Solution File, Format Version 12.00
Project("{2150E333-8FDC-42A3-9474-1A3956D46DE8}") = "src", "src", "{C303DF43-4B92-402D-8E44-C184155CAC8D}"
EndProject
Project("{2150E333-8FDC-42A3-9474-1A3956D46DE8}") = "tests", "tests", "{F9013E35-06F9-4208-98FB-9B53CDF26DBC}"
EndProject
Project("{2150E333-8FDC-42A3-9474-1A3956D46DE8}") = "Solution Items", "Solution Items", "{0F63A2C4-8C4B-4CF3-8D52-04677ABF6B6E}"
	ProjectSection(SolutionItems) = preProject
		docker-compose.yml = docker-compose.yml
	EndProjectSection
EndProject
Project("{FAE04EC0-301F-11D3-BF4B-00C04F79EFBC}") = "DentistReservation.UnitTests", "tests\DentistReservation.UnitTests\DentistReservation.UnitTests.csproj", "{6AFAEE06-AE23-4A76-82A7-90E6B438CDA8}"
EndProject
Project("{FAE04EC0-301F-11D3-BF4B-00C04F79EFBC}") = "DentistReservation.Api", "src\DentistReservation.Api\DentistReservation.Api.csproj", "{F620EAC1-6A5D-4D37-B569-B8E65FA26931}"
EndProject
Project("{FAE04EC0-301F-11D3-BF4B-00C04F79EFBC}") = "DentistReservation.Application", "src\DentistReservation.Application\DentistReservation.Application.csproj", "{A566C991-05B1-4581-A677-9AC097F69947}"
EndProject
Project("{FAE04EC0-301F-11D3-BF4B-00C04F79EFBC}") = "DentistReservation.Domain", "src\DentistReservation.Domain\DentistReservation.Domain.csproj", "{90A0E9C4-9201-486E-800E-18CEE7106B3A}"
EndProject
Project("{FAE04EC0-301F-11D3-BF4B-00C04F79EFBC}") = "DentistReservation.Infrastructure", "src\DentistReservation.Infrastructure\DentistReservation.Infrastructure.csproj", "{5024101A-1002-4760-A2ED-B73210862543}"
EndProject
Global
	GlobalSection(SolutionConfigurationPlatforms) = preSolution
		Debug|Any CPU = Debug|Any CPU
		Release|Any CPU = Release|Any CPU
	EndGlobalSection
	GlobalSection(NestedProjects) = preSolution
		{6AFAEE06-AE23-4A76-82A7-90E6B438CDA8} = {F9013E35-06F9-4208-98FB-9B53CDF26DBC}
		{F620EAC1-6A5D-4D37-B569-B8E65FA26931} = {C303DF43-4B92-402D-8E44-C184155CAC8D}
		{A566C991-05B1-4581-A677-9AC097F69947} = {C303DF43-4B92-402D-8E44-C184155CAC8D}
		{90A0E9C4-9201-486E-800E-18CEE7106B3A} = {C303DF43-4B92-402D-8E44-C184155CAC8D}
		{5024101A-1002-4760-A2ED-B73210862543} = {C303DF43-4B92-402D-8E44-C184155CAC8D}
	EndGlobalSection
	GlobalSection(ProjectConfigurationPlatforms) = postSolution
		{6AFAEE06-AE23-4A76-82A7-90E6B438CDA8}.Debug|Any CPU.ActiveCfg = Debug|Any CPU
		{6AFAEE06-AE23-4A76-82A7-90E6B438CDA8}.Debug|Any CPU.Build.0 = Debug|Any CPU
		{6AFAEE06-AE23-4A76-82A7-90E6B438CDA8}.Release|Any CPU.ActiveCfg = Release|Any CPU
		{6AFAEE06-AE23-4A76-82A7-90E6B438CDA8}.Release|Any CPU.Build.0 = Release|Any CPU
		{F620EAC1-6A5D-4D37-B569-B8E65FA26931}.Debug|Any CPU.ActiveCfg = Debug|Any CPU
		{F620EAC1-6A5D-4D37-B569-B8E65FA26931}.Debug|Any CPU.Build.0 = Debug|Any CPU
		{F620EAC1-6A5D-4D37-B569-B8E65FA26931}.Release|Any CPU.ActiveCfg = Release|Any CPU
		{F620EAC1-6A5D-4D37-B569-B8E65FA26931}.Release|Any CPU.Build.0 = Release|Any CPU
		{A566C991-05B1-4581-A677-9AC097F69947}.Debug|Any CPU.ActiveCfg = Debug|Any CPU
		{A566C991-05B1-4581-A677-9AC097F69947}.Debug|Any CPU.Build.0 = Debug|Any CPU
		{A566C991-05B1-4581-A677-9AC097F69947}.Release|Any CPU.ActiveCfg = Release|Any CPU
		{A566C991-05B1-4581-A677-9AC097F69947}.Release|Any CPU.Build.0 = Release|Any CPU
		{90A0E9C4-9201-486E-800E-18CEE7106B3A}.Debug|Any CPU.ActiveCfg = Debug|Any CPU
		{90A0E9C4-9201-486E-800E-18CEE7106B3A}.Debug|Any CPU.Build.0 = Debug|Any CPU
		{90A0E9C4-9201-486E-800E-18CEE7106B3A}.Release|Any CPU.ActiveCfg = Release|Any CPU
		{90A0E9C4-9201-486E-800E-18CEE7106B3A}.Release|Any CPU.Build.0 = Release|Any CPU
		{5024101A-1002-4760-A2ED-B73210862543}.Debug|Any CPU.ActiveCfg = Debug|Any CPU
		{5024101A-1002-4760-A2ED-B73210862543}.Debug|Any CPU.Build.0 = Debug|Any CPU
		{5024101A-1002-4760-A2ED-B73210862543}.Release|Any CPU.ActiveCfg = Release|Any CPU
		{5024101A-1002-4760-A2ED-B73210862543}.Release|Any CPU.Build.0 = Release|Any CPU
	EndGlobalSection
EndGlobal
